hash: e98c37cc292939855074f287d1983e0e14fab4fc1f7767162fa41fbc90caf788
updated: 2018-12-03T14:54:32.417761244-08:00
imports:
- name: github.com/ajeddeloh/go-json
  version: 73d058cf8437a1989030afe571eeab9f90eebbbd
- name: github.com/ajeddeloh/yaml
  version: 6b94386aeefd8c4b8470aee72bfca084c2f91da9
- name: github.com/alecthomas/units
  version: 6b4e7dc5e3143b85ea77909c72caf89416fc2915
- name: github.com/coreos/go-semver
  version: 5e3acbb5668c4c3deb4842615c4098eb61fb6b1e
  subpackages:
  - semver
- name: github.com/coreos/go-systemd
  version: 9002847aa1425fb6ac49077c0a630b3b67e0fbfd
  subpackages:
  - unit
- name: github.com/coreos/ignition
  version: 2a88cd95b6812a70a7dad150f4cb18c5f028bc22
  subpackages:
  - config/shared/errors
  - config/shared/validations
  - config/types
  - config/v2_3/types
  - config/validate
  - config/validate/astjson
  - config/validate/astnode
  - config/validate/report
- name: github.com/stretchr/testify
  version: 69483b4bd14f5845b5a1e55bca19e954e827f1d0
  subpackages:
  - assert
- name: github.com/vincent-petithory/dataurl
  version: 9a301d65acbb728fcc3ace14f45f511a4cfeea9c
- name: go4.org
  version: 03efcb870d84809319ea509714dd6d19a1498483
  subpackages:
  - errorutil
testImports:
- name: github.com/davecgh/go-spew
  version: 6d212800a42e8ab5c146b8ace3490ee17e5225f9
  subpackages:
  - spew
- name: github.com/pmezard/go-difflib
  version: d8ed2627bdf02c080bf22230dbb337003b7aba2d
  subpackages:
  - difflib
