hash: 866f7f8e6abd6c52e124db97d9c5665e261f65a06289e9803dfd18c6720ca40f
updated: 2017-08-07T13:11:10.67669909-07:00
imports:
- name: github.com/ajeddeloh/yaml
  version: 1072abfea31191db507785e2e0c1b8d1440d35a5
- name: github.com/alecthomas/units
  version: 6b4e7dc5e3143b85ea77909c72caf89416fc2915
- name: github.com/coreos/go-semver
  version: 5e3acbb5668c4c3deb4842615c4098eb61fb6b1e
  subpackages:
  - semver
- name: github.com/coreos/go-systemd
  version: 7c9533367ef925dc1078d75e5b7141e10da2c4e8
  subpackages:
  - dbus
  - unit
- name: github.com/coreos/ignition
  version: 11813c57bc05f30644bbae7891ae30a4a62e0b33
  subpackages:
  - config/types
  - config/v2_0/types
  - config/validate
  - config/validate/report
- name: github.com/vincent-petithory/dataurl
  version: 9a301d65acbb728fcc3ace14f45f511a4cfeea9c
testImports: []
